// !$*UTF8*$!
{
	archiveVersion = 1;
	classes = {
	};
	objectVersion = 56;
	objects = {

/* Begin PBXBuildFile section */
		4A0000000000000000000001 /* MarkdownEditorApp.swift in Sources */ = {isa = PBXBuildFile; fileRef = 4B0000000000000000000001 /* MarkdownEditorApp.swift */; };
		4A0000000000000000000002 /* MarkdownDocument.swift in Sources */ = {isa = PBXBuildFile; fileRef = 4B0000000000000000000002 /* MarkdownDocument.swift */; };
		4A0000000000000000000003 /* MarkdownTextView.swift in Sources */ = {isa = PBXBuildFile; fileRef = 4B0000000000000000000003 /* MarkdownTextView.swift */; };
		4A0000000000000000000004 /* MarkdownTextStorage.swift in Sources */ = {isa = PBXBuildFile; fileRef = 4B0000000000000000000004 /* MarkdownTextStorage.swift */; };
		4A0000000000000000000005 /* MarkdownLayoutManagerDelegate.swift in Sources */ = {isa = PBXBuildFile; fileRef = 4B0000000000000000000005 /* MarkdownLayoutManagerDelegate.swift */; };
		4A0000000000000000000006 /* MarkdownStyleMap.swift in Sources */ = {isa = PBXBuildFile; fileRef = 4B0000000000000000000006 /* MarkdownStyleMap.swift */; };
		4A0000000000000000000007 /* MarkdownTheme.swift in Sources */ = {isa = PBXBuildFile; fileRef = 4B0000000000000000000007 /* MarkdownTheme.swift */; };
		4A0000000000000000000008 /* FileWatcher.swift in Sources */ = {isa = PBXBuildFile; fileRef = 4B0000000000000000000008 /* FileWatcher.swift */; };
		4A000000000000000000000B /* FindBarView.swift in Sources */ = {isa = PBXBuildFile; fileRef = 4B000000000000000000000D /* FindBarView.swift */; };
		4A000000000000000000000C /* FindState.swift in Sources */ = {isa = PBXBuildFile; fileRef = 4B000000000000000000000E /* FindState.swift */; };
		4A000000000000000000000D /* MarkdownTextContainer.swift in Sources */ = {isa = PBXBuildFile; fileRef = 4B000000000000000000000F /* MarkdownTextContainer.swift */; };
		4A000000000000000000000E /* TableOverlayView.swift in Sources */ = {isa = PBXBuildFile; fileRef = 4B0000000000000000000010 /* TableOverlayView.swift */; };
		4A0000000000000000000009 /* Assets.xcassets in Resources */ = {isa = PBXBuildFile; fileRef = 4B0000000000000000000009 /* Assets.xcassets */; };
		4A000000000000000000000A /* Markdown in Frameworks */ = {isa = PBXBuildFile; productRef = 5B0000000000000000000002 /* Markdown */; };
/* End PBXBuildFile section */

/* Begin PBXFileReference section */
		4B0000000000000000000001 /* MarkdownEditorApp.swift */ = {isa = PBXFileReference; lastKnownFileType = sourcecode.swift; path = MarkdownEditorApp.swift; sourceTree = "<group>"; };
		4B0000000000000000000002 /* MarkdownDocument.swift */ = {isa = PBXFileReference; lastKnownFileType = sourcecode.swift; path = MarkdownDocument.swift; sourceTree = "<group>"; };
		4B0000000000000000000003 /* MarkdownTextView.swift */ = {isa = PBXFileReference; lastKnownFileType = sourcecode.swift; path = MarkdownTextView.swift; sourceTree = "<group>"; };
		4B0000000000000000000004 /* MarkdownTextStorage.swift */ = {isa = PBXFileReference; lastKnownFileType = sourcecode.swift; path = MarkdownTextStorage.swift; sourceTree = "<group>"; };
		4B0000000000000000000005 /* MarkdownLayoutManagerDelegate.swift */ = {isa = PBXFileReference; lastKnownFileType = sourcecode.swift; path = MarkdownLayoutManagerDelegate.swift; sourceTree = "<group>"; };
		4B0000000000000000000006 /* MarkdownStyleMap.swift */ = {isa = PBXFileReference; lastKnownFileType = sourcecode.swift; path = MarkdownStyleMap.swift; sourceTree = "<group>"; };
		4B0000000000000000000007 /* MarkdownTheme.swift */ = {isa = PBXFileReference; lastKnownFileType = sourcecode.swift; path = MarkdownTheme.swift; sourceTree = "<group>"; };
		4B0000000000000000000008 /* FileWatcher.swift */ = {isa = PBXFileReference; lastKnownFileType = sourcecode.swift; path = FileWatcher.swift; sourceTree = "<group>"; };
		4B0000000000000000000009 /* Assets.xcassets */ = {isa = PBXFileReference; lastKnownFileType = folder.assetcatalog; path = Assets.xcassets; sourceTree = "<group>"; };
		4B000000000000000000000A /* Info.plist */ = {isa = PBXFileReference; lastKnownFileType = text.plist.xml; path = Info.plist; sourceTree = "<group>"; };
		4B000000000000000000000B /* MarkdownEditor.entitlements */ = {isa = PBXFileReference; lastKnownFileType = text.plist.entitlements; path = MarkdownEditor.entitlements; sourceTree = "<group>"; };
		4B000000000000000000000C /* MarkdownEditor.app */ = {isa = PBXFileReference; explicitFileType = wrapper.application; includeInIndex = 0; path = MarkdownEditor.app; sourceTree = BUILT_PRODUCTS_DIR; };
		4B000000000000000000000D /* FindBarView.swift */ = {isa = PBXFileReference; lastKnownFileType = sourcecode.swift; path = FindBarView.swift; sourceTree = "<group>"; };
		4B000000000000000000000E /* FindState.swift */ = {isa = PBXFileReference; lastKnownFileType = sourcecode.swift; path = FindState.swift; sourceTree = "<group>"; };
		4B000000000000000000000F /* MarkdownTextContainer.swift */ = {isa = PBXFileReference; lastKnownFileType = sourcecode.swift; path = MarkdownTextContainer.swift; sourceTree = "<group>"; };
		4B0000000000000000000010 /* TableOverlayView.swift */ = {isa = PBXFileReference; lastKnownFileType = sourcecode.swift; path = TableOverlayView.swift; sourceTree = "<group>"; };
/* End PBXFileReference section */

/* Begin PBXFrameworksBuildPhase section */
		4D0000000000000000000002 /* Frameworks */ = {
			isa = PBXFrameworksBuildPhase;
			buildActionMask = 2147483647;
			files = (
				4A000000000000000000000A /* Markdown in Frameworks */,
			);
			runOnlyForDeploymentPostprocessing = 0;
		};
/* End PBXFrameworksBuildPhase section */

/* Begin PBXGroup section */
		4C0000000000000000000001 /* root */ = {
			isa = PBXGroup;
			children = (
				4C0000000000000000000002 /* MarkdownEditor */,
				4C0000000000000000000003 /* Products */,
			);
			sourceTree = "<group>";
		};
		4C0000000000000000000002 /* MarkdownEditor */ = {
			isa = PBXGroup;
			children = (
				4B0000000000000000000001 /* MarkdownEditorApp.swift */,
				4B0000000000000000000002 /* MarkdownDocument.swift */,
				4B0000000000000000000003 /* MarkdownTextView.swift */,
				4B0000000000000000000004 /* MarkdownTextStorage.swift */,
				4B0000000000000000000005 /* MarkdownLayoutManagerDelegate.swift */,
				4B0000000000000000000006 /* MarkdownStyleMap.swift */,
				4B0000000000000000000007 /* MarkdownTheme.swift */,
				4B0000000000000000000008 /* FileWatcher.swift */,
				4B000000000000000000000D /* FindBarView.swift */,
				4B000000000000000000000E /* FindState.swift */,
				4B000000000000000000000F /* MarkdownTextContainer.swift */,
				4B0000000000000000000010 /* TableOverlayView.swift */,
				4B0000000000000000000009 /* Assets.xcassets */,
				4B000000000000000000000A /* Info.plist */,
				4B000000000000000000000B /* MarkdownEditor.entitlements */,
			);
			path = MarkdownEditor;
			sourceTree = "<group>";
		};
		4C0000000000000000000003 /* Products */ = {
			isa = PBXGroup;
			children = (
				4B000000000000000000000C /* MarkdownEditor.app */,
			);
			name = Products;
			sourceTree = "<group>";
		};
/* End PBXGroup section */

/* Begin PBXNativeTarget section */
		4E0000000000000000000001 /* MarkdownEditor */ = {
			isa = PBXNativeTarget;
			buildConfigurationList = 4F0000000000000000000004 /* Build configuration list for PBXNativeTarget "MarkdownEditor" */;
			buildPhases = (
				4D0000000000000000000001 /* Sources */,
				4D0000000000000000000002 /* Frameworks */,
				4D0000000000000000000003 /* Resources */,
			);
			buildRules = (
			);
			dependencies = (
			);
			name = MarkdownEditor;
			packageProductDependencies = (
				5B0000000000000000000002 /* Markdown */,
			);
			productName = MarkdownEditor;
			productReference = 4B000000000000000000000C /* MarkdownEditor.app */;
			productType = "com.apple.product-type.application";
		};
/* End PBXNativeTarget section */

/* Begin PBXProject section */
		5A0000000000000000000001 /* Project object */ = {
			isa = PBXProject;
			attributes = {
				BuildIndependentTargetsInParallel = 1;
				LastSwiftUpdateCheck = 1600;
				LastUpgradeCheck = 1600;
			};
			buildConfigurationList = 4F0000000000000000000001 /* Build configuration list for PBXProject "MarkdownEditor" */;
			compatibilityVersion = "Xcode 14.0";
			developmentRegion = en;
			hasScannedForEncodings = 0;
			knownRegions = (
				en,
				Base,
			);
			mainGroup = 4C0000000000000000000001 /* root */;
			packageReferences = (
				5B0000000000000000000001 /* XCRemoteSwiftPackageReference "swift-markdown" */,
			);
			productRefGroup = 4C0000000000000000000003 /* Products */;
			projectDirPath = "";
			projectRoot = "";
			targets = (
				4E0000000000000000000001 /* MarkdownEditor */,
			);
		};
/* End PBXProject section */

/* Begin PBXResourcesBuildPhase section */
		4D0000000000000000000003 /* Resources */ = {
			isa = PBXResourcesBuildPhase;
			buildActionMask = 2147483647;
			files = (
				4A0000000000000000000009 /* Assets.xcassets in Resources */,
			);
			runOnlyForDeploymentPostprocessing = 0;
		};
/* End PBXResourcesBuildPhase section */

/* Begin PBXSourcesBuildPhase section */
		4D0000000000000000000001 /* Sources */ = {
			isa = PBXSourcesBuildPhase;
			buildActionMask = 2147483647;
			files = (
				4A0000000000000000000001 /* MarkdownEditorApp.swift in Sources */,
				4A0000000000000000000002 /* MarkdownDocument.swift in Sources */,
				4A0000000000000000000003 /* MarkdownTextView.swift in Sources */,
				4A0000000000000000000004 /* MarkdownTextStorage.swift in Sources */,
				4A0000000000000000000005 /* MarkdownLayoutManagerDelegate.swift in Sources */,
				4A0000000000000000000006 /* MarkdownStyleMap.swift in Sources */,
				4A0000000000000000000007 /* MarkdownTheme.swift in Sources */,
				4A0000000000000000000008 /* FileWatcher.swift in Sources */,
				4A000000000000000000000B /* FindBarView.swift in Sources */,
				4A000000000000000000000C /* FindState.swift in Sources */,
				4A000000000000000000000D /* MarkdownTextContainer.swift in Sources */,
				4A000000000000000000000E /* TableOverlayView.swift in Sources */,
			);
			runOnlyForDeploymentPostprocessing = 0;
		};
/* End PBXSourcesBuildPhase section */

/* Begin XCBuildConfiguration section */
		4F0000000000000000000002 /* Debug */ = {
			isa = XCBuildConfiguration;
			buildSettings = {
				ALWAYS_SEARCH_USER_PATHS = NO;
				ASSETCATALOG_COMPILER_GENERATE_SWIFT_ASSET_SYMBOL_EXTENSIONS = YES;
				CLANG_ANALYZER_NONNULL = YES;
				CLANG_CXX_LANGUAGE_STANDARD = "gnu++20";
				CLANG_ENABLE_MODULES = YES;
				CLANG_ENABLE_OBJC_ARC = YES;
				CLANG_WARN_BLOCK_CAPTURE_AUTORELEASING = YES;
				CLANG_WARN_BOOL_CONVERSION = YES;
				CLANG_WARN_COMMA = YES;
				CLANG_WARN_CONSTANT_CONVERSION = YES;
				CLANG_WARN_DIRECT_OBJC_ISA_USAGE = YES_ERROR;
				CLANG_WARN_DOCUMENTATION_COMMENTS = YES;
				CLANG_WARN_EMPTY_BODY = YES;
				CLANG_WARN_ENUM_CONVERSION = YES;
				CLANG_WARN_INFINITE_RECURSION = YES;
				CLANG_WARN_INT_CONVERSION = YES;
				CLANG_WARN_OBJC_ROOT_CLASS = YES_ERROR;
				CLANG_WARN_QUOTED_INCLUDE_IN_FRAMEWORK_HEADER = YES;
				CLANG_WARN_RANGE_LOOP_ANALYSIS = YES;
				CLANG_WARN_STRICT_PROTOTYPES = YES;
				CLANG_WARN_SUSPICIOUS_MOVE = YES;
				CLANG_WARN_UNREACHABLE_CODE = YES;
				CLANG_WARN__DUPLICATE_METHOD_MATCH = YES;
				COPY_PHASE_STRIP = NO;
				DEBUG_INFORMATION_FORMAT = dwarf;
				ENABLE_STRICT_OBJC_MSGSEND = YES;
				ENABLE_TESTABILITY = YES;
				GCC_DYNAMIC_NO_PIC = NO;
				GCC_NO_COMMON_BLOCKS = YES;
				GCC_OPTIMIZATION_LEVEL = 0;
				GCC_WARN_64_TO_32_BIT_CONVERSION = YES;
				GCC_WARN_ABOUT_RETURN_TYPE = YES_ERROR;
				GCC_WARN_UNDECLARED_SELECTOR = YES;
				GCC_WARN_UNINITIALIZED_AUTOS = YES_AGGRESSIVE;
				GCC_WARN_UNUSED_FUNCTION = YES;
				GCC_WARN_UNUSED_VARIABLE = YES;
				MACOSX_DEPLOYMENT_TARGET = 14.0;
				MTL_ENABLE_DEBUG_INFO = INCLUDE_SOURCE;
				MTL_FAST_MATH = YES;
				ONLY_ACTIVE_ARCH = YES;
				SDKROOT = macosx;
				SWIFT_ACTIVE_COMPILATION_CONDITIONS = "DEBUG $(inherited)";
				SWIFT_OPTIMIZATION_LEVEL = "-Onone";
			};
			name = Debug;
		};
		4F0000000000000000000003 /* Release */ = {
			isa = XCBuildConfiguration;
			buildSettings = {
				ALWAYS_SEARCH_USER_PATHS = NO;
				ASSETCATALOG_COMPILER_GENERATE_SWIFT_ASSET_SYMBOL_EXTENSIONS = YES;
				CLANG_ANALYZER_NONNULL = YES;
				CLANG_CXX_LANGUAGE_STANDARD = "gnu++20";
				CLANG_ENABLE_MODULES = YES;
				CLANG_ENABLE_OBJC_ARC = YES;
				CLANG_WARN_BLOCK_CAPTURE_AUTORELEASING = YES;
				CLANG_WARN_BOOL_CONVERSION = YES;
				CLANG_WARN_COMMA = YES;
				CLANG_WARN_CONSTANT_CONVERSION = YES;
				CLANG_WARN_DIRECT_OBJC_ISA_USAGE = YES_ERROR;
				CLANG_WARN_DOCUMENTATION_COMMENTS = YES;
				CLANG_WARN_EMPTY_BODY = YES;
				CLANG_WARN_ENUM_CONVERSION = YES;
				CLANG_WARN_INFINITE_RECURSION = YES;
				CLANG_WARN_INT_CONVERSION = YES;
				CLANG_WARN_OBJC_ROOT_CLASS = YES_ERROR;
				CLANG_WARN_QUOTED_INCLUDE_IN_FRAMEWORK_HEADER = YES;
				CLANG_WARN_RANGE_LOOP_ANALYSIS = YES;
				CLANG_WARN_STRICT_PROTOTYPES = YES;
				CLANG_WARN_SUSPICIOUS_MOVE = YES;
				CLANG_WARN_UNREACHABLE_CODE = YES;
				CLANG_WARN__DUPLICATE_METHOD_MATCH = YES;
				COPY_PHASE_STRIP = NO;
				DEBUG_INFORMATION_FORMAT = "dwarf-with-dsym";
				ENABLE_NS_ASSERTIONS = NO;
				ENABLE_STRICT_OBJC_MSGSEND = YES;
				GCC_NO_COMMON_BLOCKS = YES;
				GCC_WARN_64_TO_32_BIT_CONVERSION = YES;
				GCC_WARN_ABOUT_RETURN_TYPE = YES_ERROR;
				GCC_WARN_UNDECLARED_SELECTOR = YES;
				GCC_WARN_UNINITIALIZED_AUTOS = YES_AGGRESSIVE;
				GCC_WARN_UNUSED_FUNCTION = YES;
				GCC_WARN_UNUSED_VARIABLE = YES;
				MACOSX_DEPLOYMENT_TARGET = 14.0;
				MTL_FAST_MATH = YES;
				SDKROOT = macosx;
				SWIFT_COMPILATION_MODE = wholemodule;
			};
			name = Release;
		};
		4F0000000000000000000005 /* Debug */ = {
			isa = XCBuildConfiguration;
			buildSettings = {
				ASSETCATALOG_COMPILER_APPICON_NAME = AppIcon;
				CODE_SIGN_ENTITLEMENTS = MarkdownEditor/MarkdownEditor.entitlements;
				CODE_SIGN_STYLE = Automatic;
				COMBINE_HIDPI_IMAGES = YES;
				CURRENT_PROJECT_VERSION = 1;
				DEVELOPMENT_TEAM = "";
				ENABLE_HARDENED_RUNTIME = YES;
				GENERATE_INFOPLIST_FILE = NO;
				INFOPLIST_FILE = MarkdownEditor/Info.plist;
				INFOPLIST_KEY_LSApplicationCategoryType = "public.app-category.productivity";
				INFOPLIST_KEY_NSHumanReadableCopyright = "";
				LD_RUNPATH_SEARCH_PATHS = (
					"$(inherited)",
					"@executable_path/../Frameworks",
				);
				MARKETING_VERSION = 1.0;
				PRODUCT_BUNDLE_IDENTIFIER = com.markdowneditor.app;
				PRODUCT_NAME = "$(TARGET_NAME)";
				SWIFT_EMIT_LOC_STRINGS = YES;
				SWIFT_VERSION = 5.0;
			};
			name = Debug;
		};
		4F0000000000000000000006 /* Release */ = {
			isa = XCBuildConfiguration;
			buildSettings = {
				ASSETCATALOG_COMPILER_APPICON_NAME = AppIcon;
				CODE_SIGN_ENTITLEMENTS = MarkdownEditor/MarkdownEditor.entitlements;
				CODE_SIGN_STYLE = Automatic;
				COMBINE_HIDPI_IMAGES = YES;
				CURRENT_PROJECT_VERSION = 1;
				DEVELOPMENT_TEAM = "";
				ENABLE_HARDENED_RUNTIME = YES;
				GENERATE_INFOPLIST_FILE = NO;
				INFOPLIST_FILE = MarkdownEditor/Info.plist;
				INFOPLIST_KEY_LSApplicationCategoryType = "public.app-category.productivity";
				INFOPLIST_KEY_NSHumanReadableCopyright = "";
				LD_RUNPATH_SEARCH_PATHS = (
					"$(inherited)",
					"@executable_path/../Frameworks",
				);
				MARKETING_VERSION = 1.0;
				PRODUCT_BUNDLE_IDENTIFIER = com.markdowneditor.app;
				PRODUCT_NAME = "$(TARGET_NAME)";
				SWIFT_EMIT_LOC_STRINGS = YES;
				SWIFT_VERSION = 5.0;
			};
			name = Release;
		};
/* End XCBuildConfiguration section */

/* Begin XCConfigurationList section */
		4F0000000000000000000001 /* Build configuration list for PBXProject "MarkdownEditor" */ = {
			isa = XCConfigurationList;
			buildConfigurations = (
				4F0000000000000000000002 /* Debug */,
				4F0000000000000000000003 /* Release */,
			);
			defaultConfigurationIsVisible = 0;
			defaultConfigurationName = Release;
		};
		4F0000000000000000000004 /* Build configuration list for PBXNativeTarget "MarkdownEditor" */ = {
			isa = XCConfigurationList;
			buildConfigurations = (
				4F0000000000000000000005 /* Debug */,
				4F0000000000000000000006 /* Release */,
			);
			defaultConfigurationIsVisible = 0;
			defaultConfigurationName = Release;
		};
/* End XCConfigurationList section */

/* Begin XCRemoteSwiftPackageReference section */
		5B0000000000000000000001 /* XCRemoteSwiftPackageReference "swift-markdown" */ = {
			isa = XCRemoteSwiftPackageReference;
			repositoryURL = "https://github.com/swiftlang/swift-markdown.git";
			requirement = {
				kind = upToNextMajorVersion;
				minimumVersion = 0.5.0;
			};
		};
/* End XCRemoteSwiftPackageReference section */

/* Begin XCSwiftPackageProductDependency section */
		5B0000000000000000000002 /* Markdown */ = {
			isa = XCSwiftPackageProductDependency;
			package = 5B0000000000000000000001 /* XCRemoteSwiftPackageReference "swift-markdown" */;
			productName = Markdown;
		};
/* End XCSwiftPackageProductDependency section */
	};
	rootObject = 5A0000000000000000000001 /* Project object */;
}
